
Microsoft Visual Studio Solution File, Format Version 12.00
# Visual Studio Version 16
VisualStudioVersion = 16.0.31613.86
MinimumVisualStudioVersion = 10.0.40219.1
Project("{FAE04EC0-301F-11D3-BF4B-00C04F79EFBC}") = "BusTickect", "BusTickect.csproj", "{379B9CC6-3586-4938-A954-897841760EDB}"
EndProject
Global
	GlobalSection(SolutionConfigurationPlatforms) = preSolution
		Debug|Any CPU = Debug|Any CPU
		Release|Any CPU = Release|Any CPU
	EndGlobalSection
	GlobalSection(ProjectConfigurationPlatforms) = postSolution
		{379B9CC6-3586-4938-A954-897841760EDB}.Debug|Any CPU.ActiveCfg = Debug|Any CPU
		{379B9CC6-3586-4938-A954-897841760EDB}.Debug|Any CPU.Build.0 = Debug|Any CPU
		{379B9CC6-3586-4938-A954-897841760EDB}.Release|Any CPU.ActiveCfg = Release|Any CPU
		{379B9CC6-3586-4938-A954-897841760EDB}.Release|Any CPU.Build.0 = Release|Any CPU
	EndGlobalSection
	GlobalSection(SolutionProperties) = preSolution
		HideSolutionNode = FALSE
	EndGlobalSection
	GlobalSection(ExtensibilityGlobals) = postSolution
		SolutionGuid = {A1F3E552-DE15-4C45-9DAD-737787AF00D5}
	EndGlobalSection
EndGlobal
